// !$*UTF8*$!
{
	archiveVersion = 1;
	classes = {
	};
	objectVersion = 77;
	objects = {

/* Begin PBXBuildFile section */
		0C8C23CB956A7348211F05D6 /* MazeIOSInfo.plist in Resources */ = {isa = PBXBuildFile; fileRef = A1A25A18D1719A534A4B32BF /* MazeIOSInfo.plist */; };
		283CB5C325A1378A7CEBF357 /* ContentView.swift in Sources */ = {isa = PBXBuildFile; fileRef = 5FAE2DBE3D925890761E18EB /* ContentView.swift */; };
		2C7C6D0C1A0FC3AB532F248C /* MazeApp.swift in Sources */ = {isa = PBXBuildFile; fileRef = 176C90ADADDE3F85A9703573 /* MazeApp.swift */; };
		333910A0C2D5387BA96C3BAA /* MazeViewModel.swift in Sources */ = {isa = PBXBuildFile; fileRef = B34A95A3838C50BEF62F38BB /* MazeViewModel.swift */; };
		574B0B6A85E27D269DA48A7F /* MazeKit in Frameworks */ = {isa = PBXBuildFile; productRef = 22479930A1FC57429B130F71 /* MazeKit */; };
		7A3CE2B704580455C9EE9DFE /* MazeCanvasView.swift in Sources */ = {isa = PBXBuildFile; fileRef = 8DFC2C09CEDADDA5C197B104 /* MazeCanvasView.swift */; };
		822C3DC243F11D0C66DDD8CA /* MazeKit in Frameworks */ = {isa = PBXBuildFile; productRef = 6EE3F2CF76E80E9BF5280643 /* MazeKit */; };
		9615881DD8CB1299FE58EB57 /* MazeViewModel.swift in Sources */ = {isa = PBXBuildFile; fileRef = B34A95A3838C50BEF62F38BB /* MazeViewModel.swift */; };
		A895B8B4C4A4D3C65F9A4F0C /* ControlsView.swift in Sources */ = {isa = PBXBuildFile; fileRef = CB377560EE925ED1788C3802 /* ControlsView.swift */; };
		A9E453AEBE25940916600F64 /* Assets.xcassets in Resources */ = {isa = PBXBuildFile; fileRef = 5A3C0ECBD3C1E4394ADE4D54 /* Assets.xcassets */; };
		B5BAB0AE8AD44611DB0CEA84 /* MazeCanvasView.swift in Sources */ = {isa = PBXBuildFile; fileRef = 8DFC2C09CEDADDA5C197B104 /* MazeCanvasView.swift */; };
		C5F4D4EEF5194D239D6F04C9 /* ControlsView.swift in Sources */ = {isa = PBXBuildFile; fileRef = CB377560EE925ED1788C3802 /* ControlsView.swift */; };
		D5A7D929D68D090037F71D6E /* ContentView.swift in Sources */ = {isa = PBXBuildFile; fileRef = 5FAE2DBE3D925890761E18EB /* ContentView.swift */; };
		DEFB6EAE502F86E97D96EE28 /* Assets.xcassets in Resources */ = {isa = PBXBuildFile; fileRef = 5A3C0ECBD3C1E4394ADE4D54 /* Assets.xcassets */; };
		FC6BF5A99F9C3536E12894E7 /* MazeApp.swift in Sources */ = {isa = PBXBuildFile; fileRef = 176C90ADADDE3F85A9703573 /* MazeApp.swift */; };
/* End PBXBuildFile section */

/* Begin PBXFileReference section */
		10CD2DE07E8D9AEE6232DD04 /* MazeKit */ = {isa = PBXFileReference; lastKnownFileType = folder; name = MazeKit; path = ../MazeKit; sourceTree = SOURCE_ROOT; };
		176C90ADADDE3F85A9703573 /* MazeApp.swift */ = {isa = PBXFileReference; lastKnownFileType = sourcecode.swift; path = MazeApp.swift; sourceTree = "<group>"; };
		5A3C0ECBD3C1E4394ADE4D54 /* Assets.xcassets */ = {isa = PBXFileReference; lastKnownFileType = folder.assetcatalog; path = Assets.xcassets; sourceTree = "<group>"; };
		5FAE2DBE3D925890761E18EB /* ContentView.swift */ = {isa = PBXFileReference; lastKnownFileType = sourcecode.swift; path = ContentView.swift; sourceTree = "<group>"; };
		6C59E9A4B8A3B61392A1041A /* MazeIOS.app */ = {isa = PBXFileReference; includeInIndex = 0; lastKnownFileType = wrapper.application; path = MazeIOS.app; sourceTree = BUILT_PRODUCTS_DIR; };
		8DFC2C09CEDADDA5C197B104 /* MazeCanvasView.swift */ = {isa = PBXFileReference; lastKnownFileType = sourcecode.swift; path = MazeCanvasView.swift; sourceTree = "<group>"; };
		A1A25A18D1719A534A4B32BF /* MazeIOSInfo.plist */ = {isa = PBXFileReference; lastKnownFileType = text.plist; path = MazeIOSInfo.plist; sourceTree = "<group>"; };
		B34A95A3838C50BEF62F38BB /* MazeViewModel.swift */ = {isa = PBXFileReference; lastKnownFileType = sourcecode.swift; path = MazeViewModel.swift; sourceTree = "<group>"; };
		BA25421C2445ADAABEF14271 /* Maze.app */ = {isa = PBXFileReference; explicitFileType = wrapper.application; includeInIndex = 0; path = Maze.app; sourceTree = BUILT_PRODUCTS_DIR; };
		CB377560EE925ED1788C3802 /* ControlsView.swift */ = {isa = PBXFileReference; lastKnownFileType = sourcecode.swift; path = ControlsView.swift; sourceTree = "<group>"; };
/* End PBXFileReference section */

/* Begin PBXFrameworksBuildPhase section */
		57709487BECD20804909F817 /* Frameworks */ = {
			isa = PBXFrameworksBuildPhase;
			buildActionMask = 2147483647;
			files = (
				574B0B6A85E27D269DA48A7F /* MazeKit in Frameworks */,
			);
			runOnlyForDeploymentPostprocessing = 0;
		};
		76658D9851CD09E3DA4AC63F /* Frameworks */ = {
			isa = PBXFrameworksBuildPhase;
			buildActionMask = 2147483647;
			files = (
				822C3DC243F11D0C66DDD8CA /* MazeKit in Frameworks */,
			);
			runOnlyForDeploymentPostprocessing = 0;
		};
/* End PBXFrameworksBuildPhase section */

/* Begin PBXGroup section */
		0DBF2209F27D8DC840630714 /* Sources */ = {
			isa = PBXGroup;
			children = (
				5A3C0ECBD3C1E4394ADE4D54 /* Assets.xcassets */,
				5FAE2DBE3D925890761E18EB /* ContentView.swift */,
				CB377560EE925ED1788C3802 /* ControlsView.swift */,
				176C90ADADDE3F85A9703573 /* MazeApp.swift */,
				8DFC2C09CEDADDA5C197B104 /* MazeCanvasView.swift */,
				A1A25A18D1719A534A4B32BF /* MazeIOSInfo.plist */,
				B34A95A3838C50BEF62F38BB /* MazeViewModel.swift */,
			);
			path = Sources;
			sourceTree = "<group>";
		};
		5BDF8FA09E0B77CC02F70962 = {
			isa = PBXGroup;
			children = (
				B8D6AD9EDA694F9E7FD65F2B /* Packages */,
				0DBF2209F27D8DC840630714 /* Sources */,
				60FB1F129614DC94E8C6599F /* Products */,
			);
			sourceTree = "<group>";
		};
		60FB1F129614DC94E8C6599F /* Products */ = {
			isa = PBXGroup;
			children = (
				BA25421C2445ADAABEF14271 /* Maze.app */,
				6C59E9A4B8A3B61392A1041A /* MazeIOS.app */,
			);
			name = Products;
			sourceTree = "<group>";
		};
		B8D6AD9EDA694F9E7FD65F2B /* Packages */ = {
			isa = PBXGroup;
			children = (
				10CD2DE07E8D9AEE6232DD04 /* MazeKit */,
			);
			name = Packages;
			sourceTree = "<group>";
		};
/* End PBXGroup section */

/* Begin PBXNativeTarget section */
		232EACEE7545D1311D03D395 /* Maze */ = {
			isa = PBXNativeTarget;
			buildConfigurationList = 419C97205EC2A95286ECBEF0 /* Build configuration list for PBXNativeTarget "Maze" */;
			buildPhases = (
				18772D0C698A36A821ACB8C7 /* Sources */,
				FC96E7E7460519906D9C108F /* Resources */,
				76658D9851CD09E3DA4AC63F /* Frameworks */,
			);
			buildRules = (
			);
			dependencies = (
			);
			name = Maze;
			packageProductDependencies = (
				6EE3F2CF76E80E9BF5280643 /* MazeKit */,
			);
			productName = Maze;
			productReference = BA25421C2445ADAABEF14271 /* Maze.app */;
			productType = "com.apple.product-type.application";
		};
		EEA20B823D1434607516690A /* MazeIOS */ = {
			isa = PBXNativeTarget;
			buildConfigurationList = C87F523EDA46CEC2107F2BD4 /* Build configuration list for PBXNativeTarget "MazeIOS" */;
			buildPhases = (
				C33954D8F6851323FE563557 /* Sources */,
				962200050E395ECAFBBD86C6 /* Resources */,
				57709487BECD20804909F817 /* Frameworks */,
			);
			buildRules = (
			);
			dependencies = (
			);
			name = MazeIOS;
			packageProductDependencies = (
				22479930A1FC57429B130F71 /* MazeKit */,
			);
			productName = MazeIOS;
			productReference = 6C59E9A4B8A3B61392A1041A /* MazeIOS.app */;
			productType = "com.apple.product-type.application";
		};
/* End PBXNativeTarget section */

/* Begin PBXProject section */
		12B2A1F5DCAA42F2A11E6427 /* Project object */ = {
			isa = PBXProject;
			attributes = {
				BuildIndependentTargetsInParallel = YES;
				LastUpgradeCheck = 1430;
				TargetAttributes = {
					232EACEE7545D1311D03D395 = {
						DevelopmentTeam = "";
						ProvisioningStyle = Automatic;
					};
					EEA20B823D1434607516690A = {
						DevelopmentTeam = "";
						ProvisioningStyle = Automatic;
					};
				};
			};
			buildConfigurationList = CF62AAFB1195B5A4CDE484EF /* Build configuration list for PBXProject "Maze" */;
			developmentRegion = en;
			hasScannedForEncodings = 0;
			knownRegions = (
				Base,
				en,
			);
			mainGroup = 5BDF8FA09E0B77CC02F70962;
			minimizedProjectReferenceProxies = 1;
			packageReferences = (
				11F48116F89E95E7A6E9AB53 /* XCLocalSwiftPackageReference "../MazeKit" */,
			);
			preferredProjectObjectVersion = 77;
			productRefGroup = 60FB1F129614DC94E8C6599F /* Products */;
			projectDirPath = "";
			projectRoot = "";
			targets = (
				232EACEE7545D1311D03D395 /* Maze */,
				EEA20B823D1434607516690A /* MazeIOS */,
			);
		};
/* End PBXProject section */

/* Begin PBXResourcesBuildPhase section */
		962200050E395ECAFBBD86C6 /* Resources */ = {
			isa = PBXResourcesBuildPhase;
			buildActionMask = 2147483647;
			files = (
				A9E453AEBE25940916600F64 /* Assets.xcassets in Resources */,
			);
			runOnlyForDeploymentPostprocessing = 0;
		};
		FC96E7E7460519906D9C108F /* Resources */ = {
			isa = PBXResourcesBuildPhase;
			buildActionMask = 2147483647;
			files = (
				DEFB6EAE502F86E97D96EE28 /* Assets.xcassets in Resources */,
				0C8C23CB956A7348211F05D6 /* MazeIOSInfo.plist in Resources */,
			);
			runOnlyForDeploymentPostprocessing = 0;
		};
/* End PBXResourcesBuildPhase section */

/* Begin PBXSourcesBuildPhase section */
		18772D0C698A36A821ACB8C7 /* Sources */ = {
			isa = PBXSourcesBuildPhase;
			buildActionMask = 2147483647;
			files = (
				D5A7D929D68D090037F71D6E /* ContentView.swift in Sources */,
				C5F4D4EEF5194D239D6F04C9 /* ControlsView.swift in Sources */,
				FC6BF5A99F9C3536E12894E7 /* MazeApp.swift in Sources */,
				B5BAB0AE8AD44611DB0CEA84 /* MazeCanvasView.swift in Sources */,
				9615881DD8CB1299FE58EB57 /* MazeViewModel.swift in Sources */,
			);
			runOnlyForDeploymentPostprocessing = 0;
		};
		C33954D8F6851323FE563557 /* Sources */ = {
			isa = PBXSourcesBuildPhase;
			buildActionMask = 2147483647;
			files = (
				283CB5C325A1378A7CEBF357 /* ContentView.swift in Sources */,
				A895B8B4C4A4D3C65F9A4F0C /* ControlsView.swift in Sources */,
				2C7C6D0C1A0FC3AB532F248C /* MazeApp.swift in Sources */,
				7A3CE2B704580455C9EE9DFE /* MazeCanvasView.swift in Sources */,
				333910A0C2D5387BA96C3BAA /* MazeViewModel.swift in Sources */,
			);
			runOnlyForDeploymentPostprocessing = 0;
		};
/* End PBXSourcesBuildPhase section */

/* Begin XCBuildConfiguration section */
		5A42485B708EEC6E8CD8C500 /* Release */ = {
			isa = XCBuildConfiguration;
			buildSettings = {
				ASSETCATALOG_COMPILER_APPICON_NAME = AppIcon;
				ASSETCATALOG_COMPILER_GLOBAL_ACCENT_COLOR_NAME = AccentColor;
				CODE_SIGNING_ALLOWED = NO;
				CODE_SIGNING_REQUIRED = NO;
				CODE_SIGN_IDENTITY = "";
				ENABLE_PREVIEWS = YES;
				INFOPLIST_FILE = Sources/MazeIOSInfo.plist;
				IPHONEOS_DEPLOYMENT_TARGET = 18.0;
				LD_RUNPATH_SEARCH_PATHS = (
					"$(inherited)",
					"@executable_path/Frameworks",
				);
				PRODUCT_BUNDLE_IDENTIFIER = com.dirkgates.Maze.iOS;
				PRODUCT_NAME = Maze;
				SDKROOT = iphoneos;
				SUPPORTS_MACCATALYST = NO;
				TARGETED_DEVICE_FAMILY = "1,2";
			};
			name = Release;
		};
		6C19BE6C6365A1C1B1214E76 /* Release */ = {
			isa = XCBuildConfiguration;
			buildSettings = {
				ALWAYS_SEARCH_USER_PATHS = NO;
				CLANG_ANALYZER_NONNULL = YES;
				CLANG_ANALYZER_NUMBER_OBJECT_CONVERSION = YES_AGGRESSIVE;
				CLANG_CXX_LANGUAGE_STANDARD = "gnu++14";
				CLANG_CXX_LIBRARY = "libc++";
				CLANG_ENABLE_MODULES = YES;
				CLANG_ENABLE_OBJC_ARC = YES;
				CLANG_ENABLE_OBJC_WEAK = YES;
				CLANG_WARN_BLOCK_CAPTURE_AUTORELEASING = YES;
				CLANG_WARN_BOOL_CONVERSION = YES;
				CLANG_WARN_COMMA = YES;
				CLANG_WARN_CONSTANT_CONVERSION = YES;
				CLANG_WARN_DEPRECATED_OBJC_IMPLEMENTATIONS = YES;
				CLANG_WARN_DIRECT_OBJC_ISA_USAGE = YES_ERROR;
				CLANG_WARN_DOCUMENTATION_COMMENTS = YES;
				CLANG_WARN_EMPTY_BODY = YES;
				CLANG_WARN_ENUM_CONVERSION = YES;
				CLANG_WARN_INFINITE_RECURSION = YES;
				CLANG_WARN_INT_CONVERSION = YES;
				CLANG_WARN_NON_LITERAL_NULL_CONVERSION = YES;
				CLANG_WARN_OBJC_IMPLICIT_RETAIN_SELF = YES;
				CLANG_WARN_OBJC_LITERAL_CONVERSION = YES;
				CLANG_WARN_OBJC_ROOT_CLASS = YES_ERROR;
				CLANG_WARN_QUOTED_INCLUDE_IN_FRAMEWORK_HEADER = YES;
				CLANG_WARN_RANGE_LOOP_ANALYSIS = YES;
				CLANG_WARN_STRICT_PROTOTYPES = YES;
				CLANG_WARN_SUSPICIOUS_MOVE = YES;
				CLANG_WARN_UNGUARDED_AVAILABILITY = YES_AGGRESSIVE;
				CLANG_WARN_UNREACHABLE_CODE = YES;
				CLANG_WARN__DUPLICATE_METHOD_MATCH = YES;
				CODE_SIGN_STYLE = Automatic;
				COPY_PHASE_STRIP = NO;
				DEBUG_INFORMATION_FORMAT = "dwarf-with-dsym";
				DEVELOPMENT_LANGUAGE = en;
				DEVELOPMENT_TEAM = "";
				ENABLE_NS_ASSERTIONS = NO;
				ENABLE_STRICT_OBJC_MSGSEND = YES;
				GCC_C_LANGUAGE_STANDARD = gnu11;
				GCC_NO_COMMON_BLOCKS = YES;
				GCC_WARN_64_TO_32_BIT_CONVERSION = YES;
				GCC_WARN_ABOUT_RETURN_TYPE = YES_ERROR;
				GCC_WARN_UNDECLARED_SELECTOR = YES;
				GCC_WARN_UNINITIALIZED_AUTOS = YES_AGGRESSIVE;
				GCC_WARN_UNUSED_FUNCTION = YES;
				GCC_WARN_UNUSED_VARIABLE = YES;
				IPHONEOS_DEPLOYMENT_TARGET = 18.0;
				MACOSX_DEPLOYMENT_TARGET = 15.0;
				MTL_ENABLE_DEBUG_INFO = NO;
				MTL_FAST_MATH = YES;
				PRODUCT_NAME = "$(TARGET_NAME)";
				SWIFT_COMPILATION_MODE = wholemodule;
				SWIFT_OPTIMIZATION_LEVEL = "-O";
				SWIFT_STRICT_CONCURRENCY = complete;
				SWIFT_VERSION = 6.0;
			};
			name = Release;
		};
		6C2F6F56AFC5ABA891BFA752 /* Debug */ = {
			isa = XCBuildConfiguration;
			buildSettings = {
				ASSETCATALOG_COMPILER_APPICON_NAME = AppIcon;
				ASSETCATALOG_COMPILER_GLOBAL_ACCENT_COLOR_NAME = AccentColor;
				CODE_SIGN_IDENTITY = "-";
				COMBINE_HIDPI_IMAGES = YES;
				ENABLE_HARDENED_RUNTIME = YES;
				ENABLE_PREVIEWS = YES;
				INFOPLIST_FILE = Sources/Info.plist;
				LD_RUNPATH_SEARCH_PATHS = (
					"$(inherited)",
					"@executable_path/../Frameworks",
				);
				MACOSX_DEPLOYMENT_TARGET = 15.0;
				PRODUCT_BUNDLE_IDENTIFIER = com.dirkgates.Maze;
				PRODUCT_NAME = Maze;
				SDKROOT = macosx;
			};
			name = Debug;
		};
		ACFAA9AF879014112C7E8D4D /* Release */ = {
			isa = XCBuildConfiguration;
			buildSettings = {
				ASSETCATALOG_COMPILER_APPICON_NAME = AppIcon;
				ASSETCATALOG_COMPILER_GLOBAL_ACCENT_COLOR_NAME = AccentColor;
				CODE_SIGN_IDENTITY = "-";
				COMBINE_HIDPI_IMAGES = YES;
				ENABLE_HARDENED_RUNTIME = YES;
				ENABLE_PREVIEWS = YES;
				INFOPLIST_FILE = Sources/Info.plist;
				LD_RUNPATH_SEARCH_PATHS = (
					"$(inherited)",
					"@executable_path/../Frameworks",
				);
				MACOSX_DEPLOYMENT_TARGET = 15.0;
				PRODUCT_BUNDLE_IDENTIFIER = com.dirkgates.Maze;
				PRODUCT_NAME = Maze;
				SDKROOT = macosx;
			};
			name = Release;
		};
		D17CDA3CA7F3B15CD232B8B7 /* Debug */ = {
			isa = XCBuildConfiguration;
			buildSettings = {
				ALWAYS_SEARCH_USER_PATHS = NO;
				CLANG_ANALYZER_NONNULL = YES;
				CLANG_ANALYZER_NUMBER_OBJECT_CONVERSION = YES_AGGRESSIVE;
				CLANG_CXX_LANGUAGE_STANDARD = "gnu++14";
				CLANG_CXX_LIBRARY = "libc++";
				CLANG_ENABLE_MODULES = YES;
				CLANG_ENABLE_OBJC_ARC = YES;
				CLANG_ENABLE_OBJC_WEAK = YES;
				CLANG_WARN_BLOCK_CAPTURE_AUTORELEASING = YES;
				CLANG_WARN_BOOL_CONVERSION = YES;
				CLANG_WARN_COMMA = YES;
				CLANG_WARN_CONSTANT_CONVERSION = YES;
				CLANG_WARN_DEPRECATED_OBJC_IMPLEMENTATIONS = YES;
				CLANG_WARN_DIRECT_OBJC_ISA_USAGE = YES_ERROR;
				CLANG_WARN_DOCUMENTATION_COMMENTS = YES;
				CLANG_WARN_EMPTY_BODY = YES;
				CLANG_WARN_ENUM_CONVERSION = YES;
				CLANG_WARN_INFINITE_RECURSION = YES;
				CLANG_WARN_INT_CONVERSION = YES;
				CLANG_WARN_NON_LITERAL_NULL_CONVERSION = YES;
				CLANG_WARN_OBJC_IMPLICIT_RETAIN_SELF = YES;
				CLANG_WARN_OBJC_LITERAL_CONVERSION = YES;
				CLANG_WARN_OBJC_ROOT_CLASS = YES_ERROR;
				CLANG_WARN_QUOTED_INCLUDE_IN_FRAMEWORK_HEADER = YES;
				CLANG_WARN_RANGE_LOOP_ANALYSIS = YES;
				CLANG_WARN_STRICT_PROTOTYPES = YES;
				CLANG_WARN_SUSPICIOUS_MOVE = YES;
				CLANG_WARN_UNGUARDED_AVAILABILITY = YES_AGGRESSIVE;
				CLANG_WARN_UNREACHABLE_CODE = YES;
				CLANG_WARN__DUPLICATE_METHOD_MATCH = YES;
				CODE_SIGN_STYLE = Automatic;
				COPY_PHASE_STRIP = NO;
				DEBUG_INFORMATION_FORMAT = dwarf;
				DEVELOPMENT_LANGUAGE = en;
				DEVELOPMENT_TEAM = "";
				ENABLE_STRICT_OBJC_MSGSEND = YES;
				ENABLE_TESTABILITY = YES;
				GCC_C_LANGUAGE_STANDARD = gnu11;
				GCC_DYNAMIC_NO_PIC = NO;
				GCC_NO_COMMON_BLOCKS = YES;
				GCC_OPTIMIZATION_LEVEL = 0;
				GCC_PREPROCESSOR_DEFINITIONS = (
					"$(inherited)",
					"DEBUG=1",
				);
				GCC_WARN_64_TO_32_BIT_CONVERSION = YES;
				GCC_WARN_ABOUT_RETURN_TYPE = YES_ERROR;
				GCC_WARN_UNDECLARED_SELECTOR = YES;
				GCC_WARN_UNINITIALIZED_AUTOS = YES_AGGRESSIVE;
				GCC_WARN_UNUSED_FUNCTION = YES;
				GCC_WARN_UNUSED_VARIABLE = YES;
				IPHONEOS_DEPLOYMENT_TARGET = 18.0;
				MACOSX_DEPLOYMENT_TARGET = 15.0;
				MTL_ENABLE_DEBUG_INFO = INCLUDE_SOURCE;
				MTL_FAST_MATH = YES;
				ONLY_ACTIVE_ARCH = YES;
				PRODUCT_NAME = "$(TARGET_NAME)";
				SWIFT_ACTIVE_COMPILATION_CONDITIONS = DEBUG;
				SWIFT_OPTIMIZATION_LEVEL = "-Onone";
				SWIFT_STRICT_CONCURRENCY = complete;
				SWIFT_VERSION = 6.0;
			};
			name = Debug;
		};
		DA4ADCF8A4E96FE178F0B6BC /* Debug */ = {
			isa = XCBuildConfiguration;
			buildSettings = {
				ASSETCATALOG_COMPILER_APPICON_NAME = AppIcon;
				ASSETCATALOG_COMPILER_GLOBAL_ACCENT_COLOR_NAME = AccentColor;
				CODE_SIGNING_ALLOWED = NO;
				CODE_SIGNING_REQUIRED = NO;
				CODE_SIGN_IDENTITY = "";
				ENABLE_PREVIEWS = YES;
				INFOPLIST_FILE = Sources/MazeIOSInfo.plist;
				IPHONEOS_DEPLOYMENT_TARGET = 18.0;
				LD_RUNPATH_SEARCH_PATHS = (
					"$(inherited)",
					"@executable_path/Frameworks",
				);
				PRODUCT_BUNDLE_IDENTIFIER = com.dirkgates.Maze.iOS;
				PRODUCT_NAME = Maze;
				SDKROOT = iphoneos;
				SUPPORTS_MACCATALYST = NO;
				TARGETED_DEVICE_FAMILY = "1,2";
			};
			name = Debug;
		};
/* End XCBuildConfiguration section */

/* Begin XCConfigurationList section */
		419C97205EC2A95286ECBEF0 /* Build configuration list for PBXNativeTarget "Maze" */ = {
			isa = XCConfigurationList;
			buildConfigurations = (
				6C2F6F56AFC5ABA891BFA752 /* Debug */,
				ACFAA9AF879014112C7E8D4D /* Release */,
			);
			defaultConfigurationIsVisible = 0;
			defaultConfigurationName = Debug;
		};
		C87F523EDA46CEC2107F2BD4 /* Build configuration list for PBXNativeTarget "MazeIOS" */ = {
			isa = XCConfigurationList;
			buildConfigurations = (
				DA4ADCF8A4E96FE178F0B6BC /* Debug */,
				5A42485B708EEC6E8CD8C500 /* Release */,
			);
			defaultConfigurationIsVisible = 0;
			defaultConfigurationName = Debug;
		};
		CF62AAFB1195B5A4CDE484EF /* Build configuration list for PBXProject "Maze" */ = {
			isa = XCConfigurationList;
			buildConfigurations = (
				D17CDA3CA7F3B15CD232B8B7 /* Debug */,
				6C19BE6C6365A1C1B1214E76 /* Release */,
			);
			defaultConfigurationIsVisible = 0;
			defaultConfigurationName = Debug;
		};
/* End XCConfigurationList section */

/* Begin XCLocalSwiftPackageReference section */
		11F48116F89E95E7A6E9AB53 /* XCLocalSwiftPackageReference "../MazeKit" */ = {
			isa = XCLocalSwiftPackageReference;
			relativePath = ../MazeKit;
		};
/* End XCLocalSwiftPackageReference section */

/* Begin XCSwiftPackageProductDependency section */
		22479930A1FC57429B130F71 /* MazeKit */ = {
			isa = XCSwiftPackageProductDependency;
			productName = MazeKit;
		};
		6EE3F2CF76E80E9BF5280643 /* MazeKit */ = {
			isa = XCSwiftPackageProductDependency;
			productName = MazeKit;
		};
/* End XCSwiftPackageProductDependency section */
	};
	rootObject = 12B2A1F5DCAA42F2A11E6427 /* Project object */;
}
